
Microsoft Visual Studio Solution File, Format Version 12.00
# Visual Studio Version 17
VisualStudioVersion = 17.5.33424.131
MinimumVisualStudioVersion = 10.0.40219.1
Project("{8BC9CEB8-8B4A-11D0-8D11-00A0C91BC942}") = "class--Inheritance--Constructors--1", "class--Inheritance--Constructors--1\class--Inheritance--Constructors--1.vcxproj", "{2A522581-627F-4DA2-BBC0-1230E6B2101E}"
EndProject
Global
	GlobalSection(SolutionConfigurationPlatforms) = preSolution
		Debug|x64 = Debug|x64
		Debug|x86 = Debug|x86
		Release|x64 = Release|x64
		Release|x86 = Release|x86
	EndGlobalSection
	GlobalSection(ProjectConfigurationPlatforms) = postSolution
		{2A522581-627F-4DA2-BBC0-1230E6B2101E}.Debug|x64.ActiveCfg = Debug|x64
		{2A522581-627F-4DA2-BBC0-1230E6B2101E}.Debug|x64.Build.0 = Debug|x64
		{2A522581-627F-4DA2-BBC0-1230E6B2101E}.Debug|x86.ActiveCfg = Debug|Win32
		{2A522581-627F-4DA2-BBC0-1230E6B2101E}.Debug|x86.Build.0 = Debug|Win32
		{2A522581-627F-4DA2-BBC0-1230E6B2101E}.Release|x64.ActiveCfg = Release|x64
		{2A522581-627F-4DA2-BBC0-1230E6B2101E}.Release|x64.Build.0 = Release|x64
		{2A522581-627F-4DA2-BBC0-1230E6B2101E}.Release|x86.ActiveCfg = Release|Win32
		{2A522581-627F-4DA2-BBC0-1230E6B2101E}.Release|x86.Build.0 = Release|Win32
	EndGlobalSection
	GlobalSection(SolutionProperties) = preSolution
		HideSolutionNode = FALSE
	EndGlobalSection
	GlobalSection(ExtensibilityGlobals) = postSolution
		SolutionGuid = {B80E115C-D8AE-443A-836D-3765EC646F81}
	EndGlobalSection
EndGlobal
